
Microsoft Visual Studio Solution File, Format Version 12.00
# Visual Studio Version 17
VisualStudioVersion = 17.10.35027.167
MinimumVisualStudioVersion = 10.0.40219.1
Project("{FAE04EC0-301F-11D3-BF4B-00C04F79EFBC}") = "CodeFirstApproach", "CodeFirstApproach\CodeFirstApproach.csproj", "{7BA5FA8C-A3D5-471F-A268-CE6FD3A074FF}"
EndProject
Global
	GlobalSection(SolutionConfigurationPlatforms) = preSolution
		Debug|Any CPU = Debug|Any CPU
		Release|Any CPU = Release|Any CPU
	EndGlobalSection
	GlobalSection(ProjectConfigurationPlatforms) = postSolution
		{7BA5FA8C-A3D5-471F-A268-CE6FD3A074FF}.Debug|Any CPU.ActiveCfg = Debug|Any CPU
		{7BA5FA8C-A3D5-471F-A268-CE6FD3A074FF}.Debug|Any CPU.Build.0 = Debug|Any CPU
		{7BA5FA8C-A3D5-471F-A268-CE6FD3A074FF}.Release|Any CPU.ActiveCfg = Release|Any CPU
		{7BA5FA8C-A3D5-471F-A268-CE6FD3A074FF}.Release|Any CPU.Build.0 = Release|Any CPU
	EndGlobalSection
	GlobalSection(SolutionProperties) = preSolution
		HideSolutionNode = FALSE
	EndGlobalSection
	GlobalSection(ExtensibilityGlobals) = postSolution
		SolutionGuid = {18934D48-F04E-4E0E-8034-1642ED0E216D}
	EndGlobalSection
EndGlobal
